
Microsoft Visual Studio Solution File, Format Version 12.00
# Visual Studio Version 16
VisualStudioVersion = 16.0.30804.86
MinimumVisualStudioVersion = 10.0.40219.1
Project("{FAE04EC0-301F-11D3-BF4B-00C04F79EFBC}") = "FourthFormApplication", "FourthFormApplication\FourthFormApplication.csproj", "{68F2E1EF-78AA-418B-A711-42E9A4FC91B9}"
EndProject
Global
	GlobalSection(SolutionConfigurationPlatforms) = preSolution
		Debug|Any CPU = Debug|Any CPU
		Release|Any CPU = Release|Any CPU
	EndGlobalSection
	GlobalSection(ProjectConfigurationPlatforms) = postSolution
		{68F2E1EF-78AA-418B-A711-42E9A4FC91B9}.Debug|Any CPU.ActiveCfg = Debug|Any CPU
		{68F2E1EF-78AA-418B-A711-42E9A4FC91B9}.Debug|Any CPU.Build.0 = Debug|Any CPU
		{68F2E1EF-78AA-418B-A711-42E9A4FC91B9}.Release|Any CPU.ActiveCfg = Release|Any CPU
		{68F2E1EF-78AA-418B-A711-42E9A4FC91B9}.Release|Any CPU.Build.0 = Release|Any CPU
	EndGlobalSection
	GlobalSection(SolutionProperties) = preSolution
		HideSolutionNode = FALSE
	EndGlobalSection
	GlobalSection(ExtensibilityGlobals) = postSolution
		SolutionGuid = {DCCFF605-DB43-43CC-BE93-459CA07184CE}
	EndGlobalSection
EndGlobal
