
Microsoft Visual Studio Solution File, Format Version 12.00
# Visual Studio Version 16
VisualStudioVersion = 16.0.30804.86
MinimumVisualStudioVersion = 10.0.40219.1
Project("{FAE04EC0-301F-11D3-BF4B-00C04F79EFBC}") = "property", "property\property.csproj", "{1A1B1973-B275-4329-B135-DAF1E5C5437C}"
EndProject
Global
	GlobalSection(SolutionConfigurationPlatforms) = preSolution
		Debug|Any CPU = Debug|Any CPU
		Release|Any CPU = Release|Any CPU
	EndGlobalSection
	GlobalSection(ProjectConfigurationPlatforms) = postSolution
		{1A1B1973-B275-4329-B135-DAF1E5C5437C}.Debug|Any CPU.ActiveCfg = Debug|Any CPU
		{1A1B1973-B275-4329-B135-DAF1E5C5437C}.Debug|Any CPU.Build.0 = Debug|Any CPU
		{1A1B1973-B275-4329-B135-DAF1E5C5437C}.Release|Any CPU.ActiveCfg = Release|Any CPU
		{1A1B1973-B275-4329-B135-DAF1E5C5437C}.Release|Any CPU.Build.0 = Release|Any CPU
	EndGlobalSection
	GlobalSection(SolutionProperties) = preSolution
		HideSolutionNode = FALSE
	EndGlobalSection
	GlobalSection(ExtensibilityGlobals) = postSolution
		SolutionGuid = {97D2A572-0E83-4B1A-A70F-424B39497B30}
	EndGlobalSection
EndGlobal
